
Microsoft Visual Studio Solution File, Format Version 12.00
# Visual Studio Version 16
VisualStudioVersion = 16.0.30128.74
MinimumVisualStudioVersion = 10.0.40219.1
Project("{9A19103F-16F7-4668-BE54-9A1E7A4F7556}") = "KSPHelper", "KSPHelper\KSPHelper.csproj", "{4BC224DE-3812-4809-943D-67437AF5D937}"
EndProject
Project("{9A19103F-16F7-4668-BE54-9A1E7A4F7556}") = "PathValidationTest", "PathValidationTest\PathValidationTest.csproj", "{C4A73B06-7D7F-4C7B-897F-712D099C3E15}"
EndProject
Project("{FAE04EC0-301F-11D3-BF4B-00C04F79EFBC}") = "KSPHelperExample", "KSPHelperExample\KSPHelperExample.csproj", "{4308BD9C-7BD1-4F0D-995D-E21ECA515F13}"
EndProject
Global
	GlobalSection(SolutionConfigurationPlatforms) = preSolution
		Debug|Any CPU = Debug|Any CPU
		Release|Any CPU = Release|Any CPU
	EndGlobalSection
	GlobalSection(ProjectConfigurationPlatforms) = postSolution
		{4BC224DE-3812-4809-943D-67437AF5D937}.Debug|Any CPU.ActiveCfg = Debug|Any CPU
		{4BC224DE-3812-4809-943D-67437AF5D937}.Debug|Any CPU.Build.0 = Debug|Any CPU
		{4BC224DE-3812-4809-943D-67437AF5D937}.Release|Any CPU.ActiveCfg = Release|Any CPU
		{4BC224DE-3812-4809-943D-67437AF5D937}.Release|Any CPU.Build.0 = Release|Any CPU
		{C4A73B06-7D7F-4C7B-897F-712D099C3E15}.Debug|Any CPU.ActiveCfg = Debug|Any CPU
		{C4A73B06-7D7F-4C7B-897F-712D099C3E15}.Debug|Any CPU.Build.0 = Debug|Any CPU
		{C4A73B06-7D7F-4C7B-897F-712D099C3E15}.Release|Any CPU.ActiveCfg = Release|Any CPU
		{C4A73B06-7D7F-4C7B-897F-712D099C3E15}.Release|Any CPU.Build.0 = Release|Any CPU
		{4308BD9C-7BD1-4F0D-995D-E21ECA515F13}.Debug|Any CPU.ActiveCfg = Debug|Any CPU
		{4308BD9C-7BD1-4F0D-995D-E21ECA515F13}.Debug|Any CPU.Build.0 = Debug|Any CPU
		{4308BD9C-7BD1-4F0D-995D-E21ECA515F13}.Release|Any CPU.ActiveCfg = Release|Any CPU
		{4308BD9C-7BD1-4F0D-995D-E21ECA515F13}.Release|Any CPU.Build.0 = Release|Any CPU
	EndGlobalSection
	GlobalSection(SolutionProperties) = preSolution
		HideSolutionNode = FALSE
	EndGlobalSection
	GlobalSection(ExtensibilityGlobals) = postSolution
		SolutionGuid = {04AA5E0B-A1F1-4A72-9386-A32335F5E5FC}
	EndGlobalSection
EndGlobal
